
Microsoft Visual Studio Solution File, Format Version 12.00
# Visual Studio Version 17
VisualStudioVersion = 17.6.33829.357
MinimumVisualStudioVersion = 10.0.40219.1
Project("{FAE04EC0-301F-11D3-BF4B-00C04F79EFBC}") = "EncapsulationExample_1", "EncapsulationExample_1\EncapsulationExample_1.csproj", "{FFE64E09-7C5C-4662-B01B-5330A425C64E}"
EndProject
Global
	GlobalSection(SolutionConfigurationPlatforms) = preSolution
		Debug|Any CPU = Debug|Any CPU
		Release|Any CPU = Release|Any CPU
	EndGlobalSection
	GlobalSection(ProjectConfigurationPlatforms) = postSolution
		{FFE64E09-7C5C-4662-B01B-5330A425C64E}.Debug|Any CPU.ActiveCfg = Debug|Any CPU
		{FFE64E09-7C5C-4662-B01B-5330A425C64E}.Debug|Any CPU.Build.0 = Debug|Any CPU
		{FFE64E09-7C5C-4662-B01B-5330A425C64E}.Release|Any CPU.ActiveCfg = Release|Any CPU
		{FFE64E09-7C5C-4662-B01B-5330A425C64E}.Release|Any CPU.Build.0 = Release|Any CPU
	EndGlobalSection
	GlobalSection(SolutionProperties) = preSolution
		HideSolutionNode = FALSE
	EndGlobalSection
	GlobalSection(ExtensibilityGlobals) = postSolution
		SolutionGuid = {8E46AE1D-6E6F-4302-AE80-A03073C77614}
	EndGlobalSection
EndGlobal
